{
  "version": 4,
  "terraform_version": "1.15.9",
  "serial": 35,
  "lineage": "b7bfd2fa-fced-420a-b590-ee5412ad39d6",
  "outputs": {
    "current_subscription": {
      "value": "510d58cf-bcf3-42a7-ab3b-ebac5b2e899d",
      "type": "string",
      "sensitive": true
    },
    "current_tenant": {
      "value": "04fe9b66-0bc1-4b28-abfb-e0dde470f597",
      "type": "string",
      "sensitive": true
    },
    "resource_group_id": {
      "value": "/subscriptions/510d58cf-bcf3-42a7-ab3b-ebac5b2e899d/resourceGroups/myTFResourceGroup",
      "type": "string"
    }
  },
  "resources": [
    {
      "mode": "data",
      "type": "azurerm_client_config",
      "name": "current",
      "provider": "provider[\"registry.terraform.io/hashicorp/azurerm\"]",
      "instances": [
        {
          "schema_version": 0,
          "attributes": {
            "client_id": "04b07795-8ddb-461a-bbee-02f9e1bf7b46",
            "id": "2026-09-04 00:35:53.3139398 +0000 UTC",
            "object_id": "",
            "subscription_id": "510d58cf-bcf3-42a7-ab3b-ebac5b2e899d",
            "tenant_id": "04fe9b66-0bc1-4b28-abfb-e0dde470f597",
            "timeouts": null
          },
          "sensitive_attributes": [],
          "identity_schema_version": 0
        }
      ]
    },
    {
      "mode": "managed",
      "type": "azurerm_resource_group",
      "name": "rg",
      "provider": "provider[\"registry.terraform.io/hashicorp/azurerm\"]",
      "instances": [
        {
          "schema_version": 0,
          "attributes": {
            "id": "/subscriptions/510d58cf-bcf3-42a7-ab3b-ebac5b2e899d/resourceGroups/myTFResourceGroup",
            "location": "westus2",
            "name": "myTFResourceGroup",
            "tags": {
              "Environment": "Terraform Getting Started",
              "Team": "DevOps"
            },
            "timeouts": null
          },
          "sensitive_attributes": [],
          "identity_schema_version": 0,
          "private": "eyJlMmJmYjczMC1lY2FhLTExZTYtOGY4OC0zNDM2M2JjN2M0YzAiOnsiY3JlYXRlIjo1NDAwMDAwMDAwMDAwLCJkZWxldGUiOjU0MDAwMDAwMDAwMDAsInJlYWQiOjMwMDAwMDAwMDAwMCwidXBkYXRlIjo1NDAwMDAwMDAwMDAwfX0="
        }
      ]
    },
    {
      "mode": "managed",
      "type": "azurerm_virtual_network",
      "name": "vnet",
      "provider": "provider[\"registry.terraform.io/hashicorp/azurerm\"]",
      "instances": [
        {
          "schema_version": 0,
          "attributes": {
            "address_space": [
              "10.0.0.0/16"
            ],
            "bgp_community": "",
            "ddos_protection_plan": [],
            "dns_servers": [],
            "edge_zone": "",
            "flow_timeout_in_minutes": 0,
            "guid": "58a057db-8d7f-4114-a527-92e48f1c3939",
            "id": "/subscriptions/510d58cf-bcf3-42a7-ab3b-ebac5b2e899d/resourceGroups/myTFResourceGroup/providers/Microsoft.Network/virtualNetworks/myTFVnet",
            "location": "westus2",
            "name": "myTFVnet",
            "resource_group_name": "myTFResourceGroup",
            "subnet": [],
            "tags": {},
            "timeouts": null
          },
          "sensitive_attributes": [],
          "identity_schema_version": 0,
          "private": "eyJlMmJmYjczMC1lY2FhLTExZTYtOGY4OC0zNDM2M2JjN2M0YzAiOnsiY3JlYXRlIjoxODAwMDAwMDAwMDAwLCJkZWxldGUiOjE4MDAwMDAwMDAwMDAsInJlYWQiOjMwMDAwMDAwMDAwMCwidXBkYXRlIjoxODAwMDAwMDAwMDAwfX0=",
          "dependencies": [
            "azurerm_resource_group.rg"
          ]
        }
      ]
    }
  ],
  "check_results": null
}
